
Microsoft Visual Studio Solution File, Format Version 12.00
# Visual Studio Version 17
VisualStudioVersion = 17.5.002.0
MinimumVisualStudioVersion = 10.0.40219.1
Project("{9A19103F-16F7-4668-BE54-9A1E7A4F7556}") = "2_detecting_anomalies", "2_detecting_anomalies.csproj", "{05B72A3F-B6B3-4984-94E5-B875C075A98B}"
EndProject
Global
	GlobalSection(SolutionConfigurationPlatforms) = preSolution
		Debug|Any CPU = Debug|Any CPU
		Release|Any CPU = Release|Any CPU
	EndGlobalSection
	GlobalSection(ProjectConfigurationPlatforms) = postSolution
		{05B72A3F-B6B3-4984-94E5-B875C075A98B}.Debug|Any CPU.ActiveCfg = Debug|Any CPU
		{05B72A3F-B6B3-4984-94E5-B875C075A98B}.Debug|Any CPU.Build.0 = Debug|Any CPU
		{05B72A3F-B6B3-4984-94E5-B875C075A98B}.Release|Any CPU.ActiveCfg = Release|Any CPU
		{05B72A3F-B6B3-4984-94E5-B875C075A98B}.Release|Any CPU.Build.0 = Release|Any CPU
	EndGlobalSection
	GlobalSection(SolutionProperties) = preSolution
		HideSolutionNode = FALSE
	EndGlobalSection
	GlobalSection(ExtensibilityGlobals) = postSolution
		SolutionGuid = {EB16F91D-BE32-4D16-8574-577F8461B86F}
	EndGlobalSection
EndGlobal
