
Microsoft Visual Studio Solution File, Format Version 12.00
# Visual Studio Version 17
VisualStudioVersion = 17.5.002.0
MinimumVisualStudioVersion = 10.0.40219.1
Project("{9A19103F-16F7-4668-BE54-9A1E7A4F7556}") = "PriorityQueueDisjointSet", "PriorityQueueDisjointSet.csproj", "{A13A6CBC-2F92-44DE-AAE3-6E62C028817F}"
EndProject
Global
	GlobalSection(SolutionConfigurationPlatforms) = preSolution
		Debug|Any CPU = Debug|Any CPU
		Release|Any CPU = Release|Any CPU
	EndGlobalSection
	GlobalSection(ProjectConfigurationPlatforms) = postSolution
		{A13A6CBC-2F92-44DE-AAE3-6E62C028817F}.Debug|Any CPU.ActiveCfg = Debug|Any CPU
		{A13A6CBC-2F92-44DE-AAE3-6E62C028817F}.Debug|Any CPU.Build.0 = Debug|Any CPU
		{A13A6CBC-2F92-44DE-AAE3-6E62C028817F}.Release|Any CPU.ActiveCfg = Release|Any CPU
		{A13A6CBC-2F92-44DE-AAE3-6E62C028817F}.Release|Any CPU.Build.0 = Release|Any CPU
	EndGlobalSection
	GlobalSection(SolutionProperties) = preSolution
		HideSolutionNode = FALSE
	EndGlobalSection
	GlobalSection(ExtensibilityGlobals) = postSolution
		SolutionGuid = {83A904EA-09AC-4555-A3E8-A0D15AE12059}
	EndGlobalSection
EndGlobal
