
Microsoft Visual Studio Solution File, Format Version 12.00
# Visual Studio Version 17
VisualStudioVersion = 17.5.002.0
MinimumVisualStudioVersion = 10.0.40219.1
Project("{9A19103F-16F7-4668-BE54-9A1E7A4F7556}") = "HashTables", "HashTables.csproj", "{901443F9-C810-4E5D-8F8D-C093C47F6B49}"
EndProject
Global
	GlobalSection(SolutionConfigurationPlatforms) = preSolution
		Debug|Any CPU = Debug|Any CPU
		Release|Any CPU = Release|Any CPU
	EndGlobalSection
	GlobalSection(ProjectConfigurationPlatforms) = postSolution
		{901443F9-C810-4E5D-8F8D-C093C47F6B49}.Debug|Any CPU.ActiveCfg = Debug|Any CPU
		{901443F9-C810-4E5D-8F8D-C093C47F6B49}.Debug|Any CPU.Build.0 = Debug|Any CPU
		{901443F9-C810-4E5D-8F8D-C093C47F6B49}.Release|Any CPU.ActiveCfg = Release|Any CPU
		{901443F9-C810-4E5D-8F8D-C093C47F6B49}.Release|Any CPU.Build.0 = Release|Any CPU
	EndGlobalSection
	GlobalSection(SolutionProperties) = preSolution
		HideSolutionNode = FALSE
	EndGlobalSection
	GlobalSection(ExtensibilityGlobals) = postSolution
		SolutionGuid = {3F889F05-362B-4A06-8687-BE58F3A5F035}
	EndGlobalSection
EndGlobal
