
Microsoft Visual Studio Solution File, Format Version 12.00
# Visual Studio Version 17
VisualStudioVersion = 17.5.002.0
MinimumVisualStudioVersion = 10.0.40219.1
Project("{9A19103F-16F7-4668-BE54-9A1E7A4F7556}") = "Tree", "Tree.csproj", "{B277606A-85E9-4D49-A801-D7C9C647D087}"
EndProject
Global
	GlobalSection(SolutionConfigurationPlatforms) = preSolution
		Debug|Any CPU = Debug|Any CPU
		Release|Any CPU = Release|Any CPU
	EndGlobalSection
	GlobalSection(ProjectConfigurationPlatforms) = postSolution
		{B277606A-85E9-4D49-A801-D7C9C647D087}.Debug|Any CPU.ActiveCfg = Debug|Any CPU
		{B277606A-85E9-4D49-A801-D7C9C647D087}.Debug|Any CPU.Build.0 = Debug|Any CPU
		{B277606A-85E9-4D49-A801-D7C9C647D087}.Release|Any CPU.ActiveCfg = Release|Any CPU
		{B277606A-85E9-4D49-A801-D7C9C647D087}.Release|Any CPU.Build.0 = Release|Any CPU
	EndGlobalSection
	GlobalSection(SolutionProperties) = preSolution
		HideSolutionNode = FALSE
	EndGlobalSection
	GlobalSection(ExtensibilityGlobals) = postSolution
		SolutionGuid = {76E44663-708F-47C8-9082-4089A9F57F91}
	EndGlobalSection
EndGlobal
