
Microsoft Visual Studio Solution File, Format Version 12.00
# Visual Studio Version 17
VisualStudioVersion = 17.5.002.0
MinimumVisualStudioVersion = 10.0.40219.1
Project("{9A19103F-16F7-4668-BE54-9A1E7A4F7556}") = "1_connecting_points", "1_connecting_points.csproj", "{66D17DB5-347A-454D-8BEF-F3B0CA574F44}"
EndProject
Global
	GlobalSection(SolutionConfigurationPlatforms) = preSolution
		Debug|Any CPU = Debug|Any CPU
		Release|Any CPU = Release|Any CPU
	EndGlobalSection
	GlobalSection(ProjectConfigurationPlatforms) = postSolution
		{66D17DB5-347A-454D-8BEF-F3B0CA574F44}.Debug|Any CPU.ActiveCfg = Debug|Any CPU
		{66D17DB5-347A-454D-8BEF-F3B0CA574F44}.Debug|Any CPU.Build.0 = Debug|Any CPU
		{66D17DB5-347A-454D-8BEF-F3B0CA574F44}.Release|Any CPU.ActiveCfg = Release|Any CPU
		{66D17DB5-347A-454D-8BEF-F3B0CA574F44}.Release|Any CPU.Build.0 = Release|Any CPU
	EndGlobalSection
	GlobalSection(SolutionProperties) = preSolution
		HideSolutionNode = FALSE
	EndGlobalSection
	GlobalSection(ExtensibilityGlobals) = postSolution
		SolutionGuid = {ACD97324-632D-4118-B20A-BBE3A6B2AFBF}
	EndGlobalSection
EndGlobal
