
Microsoft Visual Studio Solution File, Format Version 12.00
# Visual Studio Version 17
VisualStudioVersion = 17.5.002.0
MinimumVisualStudioVersion = 10.0.40219.1
Project("{9A19103F-16F7-4668-BE54-9A1E7A4F7556}") = "1_cs_curriculum", "1_cs_curriculum.csproj", "{A31CB436-A6E3-4451-9F4A-0CB37AFA7FD2}"
EndProject
Global
	GlobalSection(SolutionConfigurationPlatforms) = preSolution
		Debug|Any CPU = Debug|Any CPU
		Release|Any CPU = Release|Any CPU
	EndGlobalSection
	GlobalSection(ProjectConfigurationPlatforms) = postSolution
		{A31CB436-A6E3-4451-9F4A-0CB37AFA7FD2}.Debug|Any CPU.ActiveCfg = Debug|Any CPU
		{A31CB436-A6E3-4451-9F4A-0CB37AFA7FD2}.Debug|Any CPU.Build.0 = Debug|Any CPU
		{A31CB436-A6E3-4451-9F4A-0CB37AFA7FD2}.Release|Any CPU.ActiveCfg = Release|Any CPU
		{A31CB436-A6E3-4451-9F4A-0CB37AFA7FD2}.Release|Any CPU.Build.0 = Release|Any CPU
	EndGlobalSection
	GlobalSection(SolutionProperties) = preSolution
		HideSolutionNode = FALSE
	EndGlobalSection
	GlobalSection(ExtensibilityGlobals) = postSolution
		SolutionGuid = {52D18C7A-6779-4B09-836E-102F912B55A4}
	EndGlobalSection
EndGlobal
