
Microsoft Visual Studio Solution File, Format Version 12.00
# Visual Studio Version 17
VisualStudioVersion = 17.5.002.0
MinimumVisualStudioVersion = 10.0.40219.1
Project("{9A19103F-16F7-4668-BE54-9A1E7A4F7556}") = "BinarySearchAndAvl", "BinarySearchAndAvl.csproj", "{0F248709-D226-43A8-99B1-349F89C41133}"
EndProject
Global
	GlobalSection(SolutionConfigurationPlatforms) = preSolution
		Debug|Any CPU = Debug|Any CPU
		Release|Any CPU = Release|Any CPU
	EndGlobalSection
	GlobalSection(ProjectConfigurationPlatforms) = postSolution
		{0F248709-D226-43A8-99B1-349F89C41133}.Debug|Any CPU.ActiveCfg = Debug|Any CPU
		{0F248709-D226-43A8-99B1-349F89C41133}.Debug|Any CPU.Build.0 = Debug|Any CPU
		{0F248709-D226-43A8-99B1-349F89C41133}.Release|Any CPU.ActiveCfg = Release|Any CPU
		{0F248709-D226-43A8-99B1-349F89C41133}.Release|Any CPU.Build.0 = Release|Any CPU
	EndGlobalSection
	GlobalSection(SolutionProperties) = preSolution
		HideSolutionNode = FALSE
	EndGlobalSection
	GlobalSection(ExtensibilityGlobals) = postSolution
		SolutionGuid = {E934210F-FFF5-493C-A28D-8FD67610E5B2}
	EndGlobalSection
EndGlobal
