
Microsoft Visual Studio Solution File, Format Version 12.00
# Visual Studio Version 17
VisualStudioVersion = 17.5.002.0
MinimumVisualStudioVersion = 10.0.40219.1
Project("{9A19103F-16F7-4668-BE54-9A1E7A4F7556}") = "PriorityQueueDisjoint", "PriorityQueueDisjoint.csproj", "{78026653-C949-4523-A4BE-4302F894305D}"
EndProject
Global
	GlobalSection(SolutionConfigurationPlatforms) = preSolution
		Debug|Any CPU = Debug|Any CPU
		Release|Any CPU = Release|Any CPU
	EndGlobalSection
	GlobalSection(ProjectConfigurationPlatforms) = postSolution
		{78026653-C949-4523-A4BE-4302F894305D}.Debug|Any CPU.ActiveCfg = Debug|Any CPU
		{78026653-C949-4523-A4BE-4302F894305D}.Debug|Any CPU.Build.0 = Debug|Any CPU
		{78026653-C949-4523-A4BE-4302F894305D}.Release|Any CPU.ActiveCfg = Release|Any CPU
		{78026653-C949-4523-A4BE-4302F894305D}.Release|Any CPU.Build.0 = Release|Any CPU
	EndGlobalSection
	GlobalSection(SolutionProperties) = preSolution
		HideSolutionNode = FALSE
	EndGlobalSection
	GlobalSection(ExtensibilityGlobals) = postSolution
		SolutionGuid = {033F7C15-5CCE-457B-A809-EDBD529325B4}
	EndGlobalSection
EndGlobal
