
Microsoft Visual Studio Solution File, Format Version 12.00
# Visual Studio Version 17
VisualStudioVersion = 17.5.002.0
MinimumVisualStudioVersion = 10.0.40219.1
Project("{9A19103F-16F7-4668-BE54-9A1E7A4F7556}") = "p3", "p3.csproj", "{F1C9536B-C11F-4B72-979D-157484A70B34}"
EndProject
Global
	GlobalSection(SolutionConfigurationPlatforms) = preSolution
		Debug|Any CPU = Debug|Any CPU
		Release|Any CPU = Release|Any CPU
	EndGlobalSection
	GlobalSection(ProjectConfigurationPlatforms) = postSolution
		{F1C9536B-C11F-4B72-979D-157484A70B34}.Debug|Any CPU.ActiveCfg = Debug|Any CPU
		{F1C9536B-C11F-4B72-979D-157484A70B34}.Debug|Any CPU.Build.0 = Debug|Any CPU
		{F1C9536B-C11F-4B72-979D-157484A70B34}.Release|Any CPU.ActiveCfg = Release|Any CPU
		{F1C9536B-C11F-4B72-979D-157484A70B34}.Release|Any CPU.Build.0 = Release|Any CPU
	EndGlobalSection
	GlobalSection(SolutionProperties) = preSolution
		HideSolutionNode = FALSE
	EndGlobalSection
	GlobalSection(ExtensibilityGlobals) = postSolution
		SolutionGuid = {0EC19998-5E66-464A-B8F8-391ABFA85A7F}
	EndGlobalSection
EndGlobal
